
Microsoft Visual Studio Solution File, Format Version 12.00
# Visual Studio Version 16
VisualStudioVersion = 16.0.31129.286
MinimumVisualStudioVersion = 10.0.40219.1
Project("{FAE04EC0-301F-11D3-BF4B-00C04F79EFBC}") = "1018", "1018\1018.csproj", "{FE54A874-0F8F-4BBD-8863-77D89D184D20}"
EndProject
Global
	GlobalSection(SolutionConfigurationPlatforms) = preSolution
		Debug|Any CPU = Debug|Any CPU
		Release|Any CPU = Release|Any CPU
	EndGlobalSection
	GlobalSection(ProjectConfigurationPlatforms) = postSolution
		{FE54A874-0F8F-4BBD-8863-77D89D184D20}.Debug|Any CPU.ActiveCfg = Debug|Any CPU
		{FE54A874-0F8F-4BBD-8863-77D89D184D20}.Debug|Any CPU.Build.0 = Debug|Any CPU
		{FE54A874-0F8F-4BBD-8863-77D89D184D20}.Release|Any CPU.ActiveCfg = Release|Any CPU
		{FE54A874-0F8F-4BBD-8863-77D89D184D20}.Release|Any CPU.Build.0 = Release|Any CPU
	EndGlobalSection
	GlobalSection(SolutionProperties) = preSolution
		HideSolutionNode = FALSE
	EndGlobalSection
	GlobalSection(ExtensibilityGlobals) = postSolution
		SolutionGuid = {4F602388-8E0B-43BF-9217-F378A4DB738D}
	EndGlobalSection
EndGlobal
