
Microsoft Visual Studio Solution File, Format Version 12.00
# Visual Studio Version 16
VisualStudioVersion = 16.0.31129.286
MinimumVisualStudioVersion = 10.0.40219.1
Project("{FAE04EC0-301F-11D3-BF4B-00C04F79EFBC}") = "1021", "1021\1021.csproj", "{4FE3FF52-6E93-424E-A49D-E27C652F7FD2}"
EndProject
Global
	GlobalSection(SolutionConfigurationPlatforms) = preSolution
		Debug|Any CPU = Debug|Any CPU
		Release|Any CPU = Release|Any CPU
	EndGlobalSection
	GlobalSection(ProjectConfigurationPlatforms) = postSolution
		{4FE3FF52-6E93-424E-A49D-E27C652F7FD2}.Debug|Any CPU.ActiveCfg = Debug|Any CPU
		{4FE3FF52-6E93-424E-A49D-E27C652F7FD2}.Debug|Any CPU.Build.0 = Debug|Any CPU
		{4FE3FF52-6E93-424E-A49D-E27C652F7FD2}.Release|Any CPU.ActiveCfg = Release|Any CPU
		{4FE3FF52-6E93-424E-A49D-E27C652F7FD2}.Release|Any CPU.Build.0 = Release|Any CPU
	EndGlobalSection
	GlobalSection(SolutionProperties) = preSolution
		HideSolutionNode = FALSE
	EndGlobalSection
	GlobalSection(ExtensibilityGlobals) = postSolution
		SolutionGuid = {56DAD3AC-90B7-403E-82FA-70BCBEF29024}
	EndGlobalSection
EndGlobal
