
Microsoft Visual Studio Solution File, Format Version 12.00
# Visual Studio Version 16
VisualStudioVersion = 16.0.31129.286
MinimumVisualStudioVersion = 10.0.40219.1
Project("{FAE04EC0-301F-11D3-BF4B-00C04F79EFBC}") = "1014", "1014\1014.csproj", "{C73CD47F-7D0E-4878-A80D-39AC908B29E2}"
EndProject
Global
	GlobalSection(SolutionConfigurationPlatforms) = preSolution
		Debug|Any CPU = Debug|Any CPU
		Release|Any CPU = Release|Any CPU
	EndGlobalSection
	GlobalSection(ProjectConfigurationPlatforms) = postSolution
		{C73CD47F-7D0E-4878-A80D-39AC908B29E2}.Debug|Any CPU.ActiveCfg = Debug|Any CPU
		{C73CD47F-7D0E-4878-A80D-39AC908B29E2}.Debug|Any CPU.Build.0 = Debug|Any CPU
		{C73CD47F-7D0E-4878-A80D-39AC908B29E2}.Release|Any CPU.ActiveCfg = Release|Any CPU
		{C73CD47F-7D0E-4878-A80D-39AC908B29E2}.Release|Any CPU.Build.0 = Release|Any CPU
	EndGlobalSection
	GlobalSection(SolutionProperties) = preSolution
		HideSolutionNode = FALSE
	EndGlobalSection
	GlobalSection(ExtensibilityGlobals) = postSolution
		SolutionGuid = {DE34B4BE-66BC-4351-AD49-EAC49D9751C7}
	EndGlobalSection
EndGlobal
